// !$*UTF8*$!
{
	archiveVersion = 1;
	classes = {
	};
	objectVersion = 48;
	objects = {

/* Begin PBXBuildFile section */
		5AA67E3A7A1D6906078EAE6A /* Pods_ImaDokoTrain.framework in Frameworks */ = {isa = PBXBuildFile; fileRef = F703F5A07F2A193CC8BA5D89 /* Pods_ImaDokoTrain.framework */; };
		8207C6FF0E29A38F2BC44B73 /* Pods_ImaDokoTrainTests.framework in Frameworks */ = {isa = PBXBuildFile; fileRef = 85496C8A30F7435354123254 /* Pods_ImaDokoTrainTests.framework */; };
		960FEEDD1FB08F7E00B09F12 /* TableViewCell.swift in Sources */ = {isa = PBXBuildFile; fileRef = 960FEEDC1FB08F7E00B09F12 /* TableViewCell.swift */; };
		960FEEDF1FB09BC300B09F12 /* TohokuShinkansen.jpg in Resources */ = {isa = PBXBuildFile; fileRef = 960FEEDE1FB09BC200B09F12 /* TohokuShinkansen.jpg */; };
		962E62051F9F0F960094F029 /* AppDelegate.swift in Sources */ = {isa = PBXBuildFile; fileRef = 962E62041F9F0F960094F029 /* AppDelegate.swift */; };
		962E62071F9F0F960094F029 /* ViewController.swift in Sources */ = {isa = PBXBuildFile; fileRef = 962E62061F9F0F960094F029 /* ViewController.swift */; };
		962E620A1F9F0F960094F029 /* Main.storyboard in Resources */ = {isa = PBXBuildFile; fileRef = 962E62081F9F0F960094F029 /* Main.storyboard */; };
		962E620C1F9F0F960094F029 /* Assets.xcassets in Resources */ = {isa = PBXBuildFile; fileRef = 962E620B1F9F0F960094F029 /* Assets.xcassets */; };
		962E620F1F9F0F960094F029 /* LaunchScreen.storyboard in Resources */ = {isa = PBXBuildFile; fileRef = 962E620D1F9F0F960094F029 /* LaunchScreen.storyboard */; };
		962E621A1F9F0F960094F029 /* ImaDokoTrainTests.swift in Sources */ = {isa = PBXBuildFile; fileRef = 962E62191F9F0F960094F029 /* ImaDokoTrainTests.swift */; };
		962E62251F9F0F960094F029 /* ImaDokoTrainUITests.swift in Sources */ = {isa = PBXBuildFile; fileRef = 962E62241F9F0F960094F029 /* ImaDokoTrainUITests.swift */; };
		963AD59A1FBDAB2E00FFAF6C /* other_stationDict.json in Resources */ = {isa = PBXBuildFile; fileRef = 963AD5991FBDAB2E00FFAF6C /* other_stationDict.json */; };
		963AD59C1FBDAB3400FFAF6C /* metro_stationDict.json in Resources */ = {isa = PBXBuildFile; fileRef = 963AD59B1FBDAB3400FFAF6C /* metro_stationDict.json */; };
		963AD5A71FBE204C00FFAF6C /* Fukutoshin in Resources */ = {isa = PBXBuildFile; fileRef = 963AD59E1FBE204B00FFAF6C /* Fukutoshin */; };
		963AD5A81FBE204C00FFAF6C /* Hibiya in Resources */ = {isa = PBXBuildFile; fileRef = 963AD59F1FBE204B00FFAF6C /* Hibiya */; };
		963AD5A91FBE204C00FFAF6C /* Chiyoda in Resources */ = {isa = PBXBuildFile; fileRef = 963AD5A01FBE204B00FFAF6C /* Chiyoda */; };
		963AD5AA1FBE204C00FFAF6C /* Ginza in Resources */ = {isa = PBXBuildFile; fileRef = 963AD5A11FBE204B00FFAF6C /* Ginza */; };
		963AD5AB1FBE204C00FFAF6C /* Tozai in Resources */ = {isa = PBXBuildFile; fileRef = 963AD5A21FBE204C00FFAF6C /* Tozai */; };
		963AD5AC1FBE204C00FFAF6C /* Yurakucho in Resources */ = {isa = PBXBuildFile; fileRef = 963AD5A31FBE204C00FFAF6C /* Yurakucho */; };
		963AD5AD1FBE204C00FFAF6C /* Marunouchi in Resources */ = {isa = PBXBuildFile; fileRef = 963AD5A41FBE204C00FFAF6C /* Marunouchi */; };
		963AD5AE1FBE204C00FFAF6C /* Hanzomon in Resources */ = {isa = PBXBuildFile; fileRef = 963AD5A51FBE204C00FFAF6C /* Hanzomon */; };
		963AD5AF1FBE204C00FFAF6C /* Namboku in Resources */ = {isa = PBXBuildFile; fileRef = 963AD5A61FBE204C00FFAF6C /* Namboku */; };
		963AD5B21FBE292B00FFAF6C /* up.png in Resources */ = {isa = PBXBuildFile; fileRef = 963AD5B01FBE292A00FFAF6C /* up.png */; };
		963AD5B31FBE292B00FFAF6C /* low.png in Resources */ = {isa = PBXBuildFile; fileRef = 963AD5B11FBE292B00FFAF6C /* low.png */; };
		963AD5B51FBE31B300FFAF6C /* metro_direction.json in Resources */ = {isa = PBXBuildFile; fileRef = 963AD5B41FBE31B300FFAF6C /* metro_direction.json */; };
		A1FB96D0B23FFEA02E3BF65B /* Pods_ImaDokoTrainUITests.framework in Frameworks */ = {isa = PBXBuildFile; fileRef = 0BF63CC3A27E957C08E2382C /* Pods_ImaDokoTrainUITests.framework */; };
/* End PBXBuildFile section */

/* Begin PBXContainerItemProxy section */
		962E62161F9F0F960094F029 /* PBXContainerItemProxy */ = {
			isa = PBXContainerItemProxy;
			containerPortal = 962E61F91F9F0F960094F029 /* Project object */;
			proxyType = 1;
			remoteGlobalIDString = 962E62001F9F0F960094F029;
			remoteInfo = ImaDokoTrain;
		};
		962E62211F9F0F960094F029 /* PBXContainerItemProxy */ = {
			isa = PBXContainerItemProxy;
			containerPortal = 962E61F91F9F0F960094F029 /* Project object */;
			proxyType = 1;
			remoteGlobalIDString = 962E62001F9F0F960094F029;
			remoteInfo = ImaDokoTrain;
		};
/* End PBXContainerItemProxy section */

/* Begin PBXFileReference section */
		0BF63CC3A27E957C08E2382C /* Pods_ImaDokoTrainUITests.framework */ = {isa = PBXFileReference; explicitFileType = wrapper.framework; includeInIndex = 0; path = Pods_ImaDokoTrainUITests.framework; sourceTree = BUILT_PRODUCTS_DIR; };
		18C3D098A60CE6B27A27C11D /* Pods-ImaDokoTrainTests.release.xcconfig */ = {isa = PBXFileReference; includeInIndex = 1; lastKnownFileType = text.xcconfig; name = "Pods-ImaDokoTrainTests.release.xcconfig"; path = "Pods/Target Support Files/Pods-ImaDokoTrainTests/Pods-ImaDokoTrainTests.release.xcconfig"; sourceTree = "<group>"; };
		319FB852DB4DF3B652165046 /* Pods-ImaDokoTrain.release.xcconfig */ = {isa = PBXFileReference; includeInIndex = 1; lastKnownFileType = text.xcconfig; name = "Pods-ImaDokoTrain.release.xcconfig"; path = "Pods/Target Support Files/Pods-ImaDokoTrain/Pods-ImaDokoTrain.release.xcconfig"; sourceTree = "<group>"; };
		7473DCCCB8A5B87CCC39CA20 /* Pods-ImaDokoTrainUITests.release.xcconfig */ = {isa = PBXFileReference; includeInIndex = 1; lastKnownFileType = text.xcconfig; name = "Pods-ImaDokoTrainUITests.release.xcconfig"; path = "Pods/Target Support Files/Pods-ImaDokoTrainUITests/Pods-ImaDokoTrainUITests.release.xcconfig"; sourceTree = "<group>"; };
		85496C8A30F7435354123254 /* Pods_ImaDokoTrainTests.framework */ = {isa = PBXFileReference; explicitFileType = wrapper.framework; includeInIndex = 0; path = Pods_ImaDokoTrainTests.framework; sourceTree = BUILT_PRODUCTS_DIR; };
		8D47A1817B72F64A9572B663 /* Pods-ImaDokoTrain.debug.xcconfig */ = {isa = PBXFileReference; includeInIndex = 1; lastKnownFileType = text.xcconfig; name = "Pods-ImaDokoTrain.debug.xcconfig"; path = "Pods/Target Support Files/Pods-ImaDokoTrain/Pods-ImaDokoTrain.debug.xcconfig"; sourceTree = "<group>"; };
		960FEEDC1FB08F7E00B09F12 /* TableViewCell.swift */ = {isa = PBXFileReference; lastKnownFileType = sourcecode.swift; path = TableViewCell.swift; sourceTree = "<group>"; };
		960FEEDE1FB09BC200B09F12 /* TohokuShinkansen.jpg */ = {isa = PBXFileReference; lastKnownFileType = image.jpeg; path = TohokuShinkansen.jpg; sourceTree = "<group>"; };
		962E62011F9F0F960094F029 /* ImaDokoTrain.app */ = {isa = PBXFileReference; explicitFileType = wrapper.application; includeInIndex = 0; path = ImaDokoTrain.app; sourceTree = BUILT_PRODUCTS_DIR; };
		962E62041F9F0F960094F029 /* AppDelegate.swift */ = {isa = PBXFileReference; lastKnownFileType = sourcecode.swift; path = AppDelegate.swift; sourceTree = "<group>"; };
		962E62061F9F0F960094F029 /* ViewController.swift */ = {isa = PBXFileReference; lastKnownFileType = sourcecode.swift; path = ViewController.swift; sourceTree = "<group>"; };
		962E62091F9F0F960094F029 /* Base */ = {isa = PBXFileReference; lastKnownFileType = file.storyboard; name = Base; path = Base.lproj/Main.storyboard; sourceTree = "<group>"; };
		962E620B1F9F0F960094F029 /* Assets.xcassets */ = {isa = PBXFileReference; lastKnownFileType = folder.assetcatalog; path = Assets.xcassets; sourceTree = "<group>"; };
		962E620E1F9F0F960094F029 /* Base */ = {isa = PBXFileReference; lastKnownFileType = file.storyboard; name = Base; path = Base.lproj/LaunchScreen.storyboard; sourceTree = "<group>"; };
		962E62101F9F0F960094F029 /* Info.plist */ = {isa = PBXFileReference; lastKnownFileType = text.plist.xml; path = Info.plist; sourceTree = "<group>"; };
		962E62151F9F0F960094F029 /* ImaDokoTrainTests.xctest */ = {isa = PBXFileReference; explicitFileType = wrapper.cfbundle; includeInIndex = 0; path = ImaDokoTrainTests.xctest; sourceTree = BUILT_PRODUCTS_DIR; };
		962E62191F9F0F960094F029 /* ImaDokoTrainTests.swift */ = {isa = PBXFileReference; lastKnownFileType = sourcecode.swift; path = ImaDokoTrainTests.swift; sourceTree = "<group>"; };
		962E621B1F9F0F960094F029 /* Info.plist */ = {isa = PBXFileReference; lastKnownFileType = text.plist.xml; path = Info.plist; sourceTree = "<group>"; };
		962E62201F9F0F960094F029 /* ImaDokoTrainUITests.xctest */ = {isa = PBXFileReference; explicitFileType = wrapper.cfbundle; includeInIndex = 0; path = ImaDokoTrainUITests.xctest; sourceTree = BUILT_PRODUCTS_DIR; };
		962E62241F9F0F960094F029 /* ImaDokoTrainUITests.swift */ = {isa = PBXFileReference; lastKnownFileType = sourcecode.swift; path = ImaDokoTrainUITests.swift; sourceTree = "<group>"; };
		962E62261F9F0F960094F029 /* Info.plist */ = {isa = PBXFileReference; lastKnownFileType = text.plist.xml; path = Info.plist; sourceTree = "<group>"; };
		963AD5991FBDAB2E00FFAF6C /* other_stationDict.json */ = {isa = PBXFileReference; fileEncoding = 4; lastKnownFileType = text.json; path = other_stationDict.json; sourceTree = "<group>"; };
		963AD59B1FBDAB3400FFAF6C /* metro_stationDict.json */ = {isa = PBXFileReference; fileEncoding = 4; lastKnownFileType = text.json; path = metro_stationDict.json; sourceTree = "<group>"; };
		963AD59E1FBE204B00FFAF6C /* Fukutoshin */ = {isa = PBXFileReference; lastKnownFileType = folder; path = Fukutoshin; sourceTree = "<group>"; };
		963AD59F1FBE204B00FFAF6C /* Hibiya */ = {isa = PBXFileReference; lastKnownFileType = folder; path = Hibiya; sourceTree = "<group>"; };
		963AD5A01FBE204B00FFAF6C /* Chiyoda */ = {isa = PBXFileReference; lastKnownFileType = folder; path = Chiyoda; sourceTree = "<group>"; };
		963AD5A11FBE204B00FFAF6C /* Ginza */ = {isa = PBXFileReference; lastKnownFileType = folder; path = Ginza; sourceTree = "<group>"; };
		963AD5A21FBE204C00FFAF6C /* Tozai */ = {isa = PBXFileReference; lastKnownFileType = folder; path = Tozai; sourceTree = "<group>"; };
		963AD5A31FBE204C00FFAF6C /* Yurakucho */ = {isa = PBXFileReference; lastKnownFileType = folder; path = Yurakucho; sourceTree = "<group>"; };
		963AD5A41FBE204C00FFAF6C /* Marunouchi */ = {isa = PBXFileReference; lastKnownFileType = folder; path = Marunouchi; sourceTree = "<group>"; };
		963AD5A51FBE204C00FFAF6C /* Hanzomon */ = {isa = PBXFileReference; lastKnownFileType = folder; path = Hanzomon; sourceTree = "<group>"; };
		963AD5A61FBE204C00FFAF6C /* Namboku */ = {isa = PBXFileReference; lastKnownFileType = folder; path = Namboku; sourceTree = "<group>"; };
		963AD5B01FBE292A00FFAF6C /* up.png */ = {isa = PBXFileReference; lastKnownFileType = image.png; path = up.png; sourceTree = "<group>"; };
		963AD5B11FBE292B00FFAF6C /* low.png */ = {isa = PBXFileReference; lastKnownFileType = image.png; path = low.png; sourceTree = "<group>"; };
		963AD5B41FBE31B300FFAF6C /* metro_direction.json */ = {isa = PBXFileReference; lastKnownFileType = text.json; path = metro_direction.json; sourceTree = "<group>"; };
		A6CB4D35F4AD1CAADD11B852 /* Pods-ImaDokoTrainUITests.debug.xcconfig */ = {isa = PBXFileReference; includeInIndex = 1; lastKnownFileType = text.xcconfig; name = "Pods-ImaDokoTrainUITests.debug.xcconfig"; path = "Pods/Target Support Files/Pods-ImaDokoTrainUITests/Pods-ImaDokoTrainUITests.debug.xcconfig"; sourceTree = "<group>"; };
		ABBDD28E49235AC7680573BA /* Pods-ImaDokoTrainTests.debug.xcconfig */ = {isa = PBXFileReference; includeInIndex = 1; lastKnownFileType = text.xcconfig; name = "Pods-ImaDokoTrainTests.debug.xcconfig"; path = "Pods/Target Support Files/Pods-ImaDokoTrainTests/Pods-ImaDokoTrainTests.debug.xcconfig"; sourceTree = "<group>"; };
		F703F5A07F2A193CC8BA5D89 /* Pods_ImaDokoTrain.framework */ = {isa = PBXFileReference; explicitFileType = wrapper.framework; includeInIndex = 0; path = Pods_ImaDokoTrain.framework; sourceTree = BUILT_PRODUCTS_DIR; };
/* End PBXFileReference section */

/* Begin PBXFrameworksBuildPhase section */
		962E61FE1F9F0F960094F029 /* Frameworks */ = {
			isa = PBXFrameworksBuildPhase;
			buildActionMask = 2147483647;
			files = (
				5AA67E3A7A1D6906078EAE6A /* Pods_ImaDokoTrain.framework in Frameworks */,
			);
			runOnlyForDeploymentPostprocessing = 0;
		};
		962E62121F9F0F960094F029 /* Frameworks */ = {
			isa = PBXFrameworksBuildPhase;
			buildActionMask = 2147483647;
			files = (
				8207C6FF0E29A38F2BC44B73 /* Pods_ImaDokoTrainTests.framework in Frameworks */,
			);
			runOnlyForDeploymentPostprocessing = 0;
		};
		962E621D1F9F0F960094F029 /* Frameworks */ = {
			isa = PBXFrameworksBuildPhase;
			buildActionMask = 2147483647;
			files = (
				A1FB96D0B23FFEA02E3BF65B /* Pods_ImaDokoTrainUITests.framework in Frameworks */,
			);
			runOnlyForDeploymentPostprocessing = 0;
		};
/* End PBXFrameworksBuildPhase section */

/* Begin PBXGroup section */
		962E61F81F9F0F960094F029 = {
			isa = PBXGroup;
			children = (
				962E62031F9F0F960094F029 /* ImaDokoTrain */,
				962E62181F9F0F960094F029 /* ImaDokoTrainTests */,
				962E62231F9F0F960094F029 /* ImaDokoTrainUITests */,
				962E62021F9F0F960094F029 /* Products */,
				D3F6244AAEB6C8CB6C64141A /* Pods */,
				9BC2A2062905B8E161073AE4 /* Frameworks */,
			);
			sourceTree = "<group>";
		};
		962E62021F9F0F960094F029 /* Products */ = {
			isa = PBXGroup;
			children = (
				962E62011F9F0F960094F029 /* ImaDokoTrain.app */,
				962E62151F9F0F960094F029 /* ImaDokoTrainTests.xctest */,
				962E62201F9F0F960094F029 /* ImaDokoTrainUITests.xctest */,
			);
			name = Products;
			sourceTree = "<group>";
		};
		962E62031F9F0F960094F029 /* ImaDokoTrain */ = {
			isa = PBXGroup;
			children = (
				963AD59D1FBE203700FFAF6C /* Metro_icons */,
				962E62041F9F0F960094F029 /* AppDelegate.swift */,
				962E62061F9F0F960094F029 /* ViewController.swift */,
				962E62081F9F0F960094F029 /* Main.storyboard */,
				960FEEDC1FB08F7E00B09F12 /* TableViewCell.swift */,
				962E620B1F9F0F960094F029 /* Assets.xcassets */,
				963AD5B11FBE292B00FFAF6C /* low.png */,
				963AD5B01FBE292A00FFAF6C /* up.png */,
				962E620D1F9F0F960094F029 /* LaunchScreen.storyboard */,
				962E62101F9F0F960094F029 /* Info.plist */,
				963AD5991FBDAB2E00FFAF6C /* other_stationDict.json */,
				963AD59B1FBDAB3400FFAF6C /* metro_stationDict.json */,
				963AD5B41FBE31B300FFAF6C /* metro_direction.json */,
				960FEEDE1FB09BC200B09F12 /* TohokuShinkansen.jpg */,
			);
			path = ImaDokoTrain;
			sourceTree = "<group>";
		};
		962E62181F9F0F960094F029 /* ImaDokoTrainTests */ = {
			isa = PBXGroup;
			children = (
				962E62191F9F0F960094F029 /* ImaDokoTrainTests.swift */,
				962E621B1F9F0F960094F029 /* Info.plist */,
			);
			path = ImaDokoTrainTests;
			sourceTree = "<group>";
		};
		962E62231F9F0F960094F029 /* ImaDokoTrainUITests */ = {
			isa = PBXGroup;
			children = (
				962E62241F9F0F960094F029 /* ImaDokoTrainUITests.swift */,
				962E62261F9F0F960094F029 /* Info.plist */,
			);
			path = ImaDokoTrainUITests;
			sourceTree = "<group>";
		};
		963AD59D1FBE203700FFAF6C /* Metro_icons */ = {
			isa = PBXGroup;
			children = (
				963AD5A01FBE204B00FFAF6C /* Chiyoda */,
				963AD59E1FBE204B00FFAF6C /* Fukutoshin */,
				963AD5A11FBE204B00FFAF6C /* Ginza */,
				963AD5A51FBE204C00FFAF6C /* Hanzomon */,
				963AD59F1FBE204B00FFAF6C /* Hibiya */,
				963AD5A41FBE204C00FFAF6C /* Marunouchi */,
				963AD5A61FBE204C00FFAF6C /* Namboku */,
				963AD5A21FBE204C00FFAF6C /* Tozai */,
				963AD5A31FBE204C00FFAF6C /* Yurakucho */,
			);
			path = Metro_icons;
			sourceTree = "<group>";
		};
		9BC2A2062905B8E161073AE4 /* Frameworks */ = {
			isa = PBXGroup;
			children = (
				F703F5A07F2A193CC8BA5D89 /* Pods_ImaDokoTrain.framework */,
				85496C8A30F7435354123254 /* Pods_ImaDokoTrainTests.framework */,
				0BF63CC3A27E957C08E2382C /* Pods_ImaDokoTrainUITests.framework */,
			);
			name = Frameworks;
			sourceTree = "<group>";
		};
		D3F6244AAEB6C8CB6C64141A /* Pods */ = {
			isa = PBXGroup;
			children = (
				8D47A1817B72F64A9572B663 /* Pods-ImaDokoTrain.debug.xcconfig */,
				319FB852DB4DF3B652165046 /* Pods-ImaDokoTrain.release.xcconfig */,
				ABBDD28E49235AC7680573BA /* Pods-ImaDokoTrainTests.debug.xcconfig */,
				18C3D098A60CE6B27A27C11D /* Pods-ImaDokoTrainTests.release.xcconfig */,
				A6CB4D35F4AD1CAADD11B852 /* Pods-ImaDokoTrainUITests.debug.xcconfig */,
				7473DCCCB8A5B87CCC39CA20 /* Pods-ImaDokoTrainUITests.release.xcconfig */,
			);
			name = Pods;
			sourceTree = "<group>";
		};
/* End PBXGroup section */

/* Begin PBXNativeTarget section */
		962E62001F9F0F960094F029 /* ImaDokoTrain */ = {
			isa = PBXNativeTarget;
			buildConfigurationList = 962E62291F9F0F960094F029 /* Build configuration list for PBXNativeTarget "ImaDokoTrain" */;
			buildPhases = (
				0FCD76DC29BDE8FAABB87F73 /* [CP] Check Pods Manifest.lock */,
				962E61FD1F9F0F960094F029 /* Sources */,
				962E61FE1F9F0F960094F029 /* Frameworks */,
				962E61FF1F9F0F960094F029 /* Resources */,
				105870F8DD0E7D8A7EE65D3C /* [CP] Embed Pods Frameworks */,
				E72C2E7FD0E5B5E2BBB3E5BB /* [CP] Copy Pods Resources */,
			);
			buildRules = (
			);
			dependencies = (
			);
			name = ImaDokoTrain;
			productName = ImaDokoTrain;
			productReference = 962E62011F9F0F960094F029 /* ImaDokoTrain.app */;
			productType = "com.apple.product-type.application";
		};
		962E62141F9F0F960094F029 /* ImaDokoTrainTests */ = {
			isa = PBXNativeTarget;
			buildConfigurationList = 962E622C1F9F0F960094F029 /* Build configuration list for PBXNativeTarget "ImaDokoTrainTests" */;
			buildPhases = (
				2339E9BB95C25455F100E7F0 /* [CP] Check Pods Manifest.lock */,
				962E62111F9F0F960094F029 /* Sources */,
				962E62121F9F0F960094F029 /* Frameworks */,
				962E62131F9F0F960094F029 /* Resources */,
				1D54E1BAA51AEF282E7394E6 /* [CP] Embed Pods Frameworks */,
				67BCA7725B9B713F0CCCD4A7 /* [CP] Copy Pods Resources */,
			);
			buildRules = (
			);
			dependencies = (
				962E62171F9F0F960094F029 /* PBXTargetDependency */,
			);
			name = ImaDokoTrainTests;
			productName = ImaDokoTrainTests;
			productReference = 962E62151F9F0F960094F029 /* ImaDokoTrainTests.xctest */;
			productType = "com.apple.product-type.bundle.unit-test";
		};
		962E621F1F9F0F960094F029 /* ImaDokoTrainUITests */ = {
			isa = PBXNativeTarget;
			buildConfigurationList = 962E622F1F9F0F960094F029 /* Build configuration list for PBXNativeTarget "ImaDokoTrainUITests" */;
			buildPhases = (
				EC2458FD9C3DE60AC6C9B988 /* [CP] Check Pods Manifest.lock */,
				962E621C1F9F0F960094F029 /* Sources */,
				962E621D1F9F0F960094F029 /* Frameworks */,
				962E621E1F9F0F960094F029 /* Resources */,
				7ED0B8CD94DB7FA3B810C2B1 /* [CP] Embed Pods Frameworks */,
				92582F253F2C5D51A055E66F /* [CP] Copy Pods Resources */,
			);
			buildRules = (
			);
			dependencies = (
				962E62221F9F0F960094F029 /* PBXTargetDependency */,
			);
			name = ImaDokoTrainUITests;
			productName = ImaDokoTrainUITests;
			productReference = 962E62201F9F0F960094F029 /* ImaDokoTrainUITests.xctest */;
			productType = "com.apple.product-type.bundle.ui-testing";
		};
/* End PBXNativeTarget section */

/* Begin PBXProject section */
		962E61F91F9F0F960094F029 /* Project object */ = {
			isa = PBXProject;
			attributes = {
				LastSwiftUpdateCheck = 0910;
				LastUpgradeCheck = 0910;
				ORGANIZATIONNAME = KentaroAbe;
				TargetAttributes = {
					962E62001F9F0F960094F029 = {
						CreatedOnToolsVersion = 9.1;
						ProvisioningStyle = Automatic;
					};
					962E62141F9F0F960094F029 = {
						CreatedOnToolsVersion = 9.1;
						ProvisioningStyle = Automatic;
						TestTargetID = 962E62001F9F0F960094F029;
					};
					962E621F1F9F0F960094F029 = {
						CreatedOnToolsVersion = 9.1;
						ProvisioningStyle = Automatic;
						TestTargetID = 962E62001F9F0F960094F029;
					};
				};
			};
			buildConfigurationList = 962E61FC1F9F0F960094F029 /* Build configuration list for PBXProject "ImaDokoTrain" */;
			compatibilityVersion = "Xcode 8.0";
			developmentRegion = en;
			hasScannedForEncodings = 0;
			knownRegions = (
				en,
				Base,
			);
			mainGroup = 962E61F81F9F0F960094F029;
			productRefGroup = 962E62021F9F0F960094F029 /* Products */;
			projectDirPath = "";
			projectRoot = "";
			targets = (
				962E62001F9F0F960094F029 /* ImaDokoTrain */,
				962E62141F9F0F960094F029 /* ImaDokoTrainTests */,
				962E621F1F9F0F960094F029 /* ImaDokoTrainUITests */,
			);
		};
/* End PBXProject section */

/* Begin PBXResourcesBuildPhase section */
		962E61FF1F9F0F960094F029 /* Resources */ = {
			isa = PBXResourcesBuildPhase;
			buildActionMask = 2147483647;
			files = (
				963AD5AD1FBE204C00FFAF6C /* Marunouchi in Resources */,
				963AD5AB1FBE204C00FFAF6C /* Tozai in Resources */,
				963AD5AE1FBE204C00FFAF6C /* Hanzomon in Resources */,
				963AD5B51FBE31B300FFAF6C /* metro_direction.json in Resources */,
				962E620F1F9F0F960094F029 /* LaunchScreen.storyboard in Resources */,
				962E620C1F9F0F960094F029 /* Assets.xcassets in Resources */,
				963AD59C1FBDAB3400FFAF6C /* metro_stationDict.json in Resources */,
				963AD5AF1FBE204C00FFAF6C /* Namboku in Resources */,
				963AD5B31FBE292B00FFAF6C /* low.png in Resources */,
				963AD5AC1FBE204C00FFAF6C /* Yurakucho in Resources */,
				963AD5A91FBE204C00FFAF6C /* Chiyoda in Resources */,
				963AD5A71FBE204C00FFAF6C /* Fukutoshin in Resources */,
				963AD5A81FBE204C00FFAF6C /* Hibiya in Resources */,
				963AD5AA1FBE204C00FFAF6C /* Ginza in Resources */,
				962E620A1F9F0F960094F029 /* Main.storyboard in Resources */,
				960FEEDF1FB09BC300B09F12 /* TohokuShinkansen.jpg in Resources */,
				963AD5B21FBE292B00FFAF6C /* up.png in Resources */,
				963AD59A1FBDAB2E00FFAF6C /* other_stationDict.json in Resources */,
			);
			runOnlyForDeploymentPostprocessing = 0;
		};
		962E62131F9F0F960094F029 /* Resources */ = {
			isa = PBXResourcesBuildPhase;
			buildActionMask = 2147483647;
			files = (
			);
			runOnlyForDeploymentPostprocessing = 0;
		};
		962E621E1F9F0F960094F029 /* Resources */ = {
			isa = PBXResourcesBuildPhase;
			buildActionMask = 2147483647;
			files = (
			);
			runOnlyForDeploymentPostprocessing = 0;
		};
/* End PBXResourcesBuildPhase section */

/* Begin PBXShellScriptBuildPhase section */
		0FCD76DC29BDE8FAABB87F73 /* [CP] Check Pods Manifest.lock */ = {
			isa = PBXShellScriptBuildPhase;
			buildActionMask = 2147483647;
			files = (
			);
			inputPaths = (
				"${PODS_PODFILE_DIR_PATH}/Podfile.lock",
				"${PODS_ROOT}/Manifest.lock",
			);
			name = "[CP] Check Pods Manifest.lock";
			outputPaths = (
				"$(DERIVED_FILE_DIR)/Pods-ImaDokoTrain-checkManifestLockResult.txt",
			);
			runOnlyForDeploymentPostprocessing = 0;
			shellPath = /bin/sh;
			shellScript = "diff \"${PODS_PODFILE_DIR_PATH}/Podfile.lock\" \"${PODS_ROOT}/Manifest.lock\" > /dev/null\nif [ $? != 0 ] ; then\n    # print error to STDERR\n    echo \"error: The sandbox is not in sync with the Podfile.lock. Run 'pod install' or update your CocoaPods installation.\" >&2\n    exit 1\nfi\n# This output is used by Xcode 'outputs' to avoid re-running this script phase.\necho \"SUCCESS\" > \"${SCRIPT_OUTPUT_FILE_0}\"\n";
			showEnvVarsInLog = 0;
		};
		105870F8DD0E7D8A7EE65D3C /* [CP] Embed Pods Frameworks */ = {
			isa = PBXShellScriptBuildPhase;
			buildActionMask = 2147483647;
			files = (
			);
			inputPaths = (
				"${SRCROOT}/Pods/Target Support Files/Pods-ImaDokoTrain/Pods-ImaDokoTrain-frameworks.sh",
				"${BUILT_PRODUCTS_DIR}/Alamofire/Alamofire.framework",
				"${BUILT_PRODUCTS_DIR}/ChameleonFramework/ChameleonFramework.framework",
				"${BUILT_PRODUCTS_DIR}/Kanna/Kanna.framework",
				"${BUILT_PRODUCTS_DIR}/Realm/Realm.framework",
				"${BUILT_PRODUCTS_DIR}/RealmSwift/RealmSwift.framework",
				"${BUILT_PRODUCTS_DIR}/SwiftyJSON/SwiftyJSON.framework",
			);
			name = "[CP] Embed Pods Frameworks";
			outputPaths = (
				"${TARGET_BUILD_DIR}/${FRAMEWORKS_FOLDER_PATH}/Alamofire.framework",
				"${TARGET_BUILD_DIR}/${FRAMEWORKS_FOLDER_PATH}/ChameleonFramework.framework",
				"${TARGET_BUILD_DIR}/${FRAMEWORKS_FOLDER_PATH}/Kanna.framework",
				"${TARGET_BUILD_DIR}/${FRAMEWORKS_FOLDER_PATH}/Realm.framework",
				"${TARGET_BUILD_DIR}/${FRAMEWORKS_FOLDER_PATH}/RealmSwift.framework",
				"${TARGET_BUILD_DIR}/${FRAMEWORKS_FOLDER_PATH}/SwiftyJSON.framework",
			);
			runOnlyForDeploymentPostprocessing = 0;
			shellPath = /bin/sh;
			shellScript = "\"${SRCROOT}/Pods/Target Support Files/Pods-ImaDokoTrain/Pods-ImaDokoTrain-frameworks.sh\"\n";
			showEnvVarsInLog = 0;
		};
		1D54E1BAA51AEF282E7394E6 /* [CP] Embed Pods Frameworks */ = {
			isa = PBXShellScriptBuildPhase;
			buildActionMask = 2147483647;
			files = (
			);
			inputPaths = (
			);
			name = "[CP] Embed Pods Frameworks";
			outputPaths = (
			);
			runOnlyForDeploymentPostprocessing = 0;
			shellPath = /bin/sh;
			shellScript = "\"${SRCROOT}/Pods/Target Support Files/Pods-ImaDokoTrainTests/Pods-ImaDokoTrainTests-frameworks.sh\"\n";
			showEnvVarsInLog = 0;
		};
		2339E9BB95C25455F100E7F0 /* [CP] Check Pods Manifest.lock */ = {
			isa = PBXShellScriptBuildPhase;
			buildActionMask = 2147483647;
			files = (
			);
			inputPaths = (
				"${PODS_PODFILE_DIR_PATH}/Podfile.lock",
				"${PODS_ROOT}/Manifest.lock",
			);
			name = "[CP] Check Pods Manifest.lock";
			outputPaths = (
				"$(DERIVED_FILE_DIR)/Pods-ImaDokoTrainTests-checkManifestLockResult.txt",
			);
			runOnlyForDeploymentPostprocessing = 0;
			shellPath = /bin/sh;
			shellScript = "diff \"${PODS_PODFILE_DIR_PATH}/Podfile.lock\" \"${PODS_ROOT}/Manifest.lock\" > /dev/null\nif [ $? != 0 ] ; then\n    # print error to STDERR\n    echo \"error: The sandbox is not in sync with the Podfile.lock. Run 'pod install' or update your CocoaPods installation.\" >&2\n    exit 1\nfi\n# This output is used by Xcode 'outputs' to avoid re-running this script phase.\necho \"SUCCESS\" > \"${SCRIPT_OUTPUT_FILE_0}\"\n";
			showEnvVarsInLog = 0;
		};
		67BCA7725B9B713F0CCCD4A7 /* [CP] Copy Pods Resources */ = {
			isa = PBXShellScriptBuildPhase;
			buildActionMask = 2147483647;
			files = (
			);
			inputPaths = (
			);
			name = "[CP] Copy Pods Resources";
			outputPaths = (
			);
			runOnlyForDeploymentPostprocessing = 0;
			shellPath = /bin/sh;
			shellScript = "\"${SRCROOT}/Pods/Target Support Files/Pods-ImaDokoTrainTests/Pods-ImaDokoTrainTests-resources.sh\"\n";
			showEnvVarsInLog = 0;
		};
		7ED0B8CD94DB7FA3B810C2B1 /* [CP] Embed Pods Frameworks */ = {
			isa = PBXShellScriptBuildPhase;
			buildActionMask = 2147483647;
			files = (
			);
			inputPaths = (
			);
			name = "[CP] Embed Pods Frameworks";
			outputPaths = (
			);
			runOnlyForDeploymentPostprocessing = 0;
			shellPath = /bin/sh;
			shellScript = "\"${SRCROOT}/Pods/Target Support Files/Pods-ImaDokoTrainUITests/Pods-ImaDokoTrainUITests-frameworks.sh\"\n";
			showEnvVarsInLog = 0;
		};
		92582F253F2C5D51A055E66F /* [CP] Copy Pods Resources */ = {
			isa = PBXShellScriptBuildPhase;
			buildActionMask = 2147483647;
			files = (
			);
			inputPaths = (
			);
			name = "[CP] Copy Pods Resources";
			outputPaths = (
			);
			runOnlyForDeploymentPostprocessing = 0;
			shellPath = /bin/sh;
			shellScript = "\"${SRCROOT}/Pods/Target Support Files/Pods-ImaDokoTrainUITests/Pods-ImaDokoTrainUITests-resources.sh\"\n";
			showEnvVarsInLog = 0;
		};
		E72C2E7FD0E5B5E2BBB3E5BB /* [CP] Copy Pods Resources */ = {
			isa = PBXShellScriptBuildPhase;
			buildActionMask = 2147483647;
			files = (
			);
			inputPaths = (
			);
			name = "[CP] Copy Pods Resources";
			outputPaths = (
			);
			runOnlyForDeploymentPostprocessing = 0;
			shellPath = /bin/sh;
			shellScript = "\"${SRCROOT}/Pods/Target Support Files/Pods-ImaDokoTrain/Pods-ImaDokoTrain-resources.sh\"\n";
			showEnvVarsInLog = 0;
		};
		EC2458FD9C3DE60AC6C9B988 /* [CP] Check Pods Manifest.lock */ = {
			isa = PBXShellScriptBuildPhase;
			buildActionMask = 2147483647;
			files = (
			);
			inputPaths = (
				"${PODS_PODFILE_DIR_PATH}/Podfile.lock",
				"${PODS_ROOT}/Manifest.lock",
			);
			name = "[CP] Check Pods Manifest.lock";
			outputPaths = (
				"$(DERIVED_FILE_DIR)/Pods-ImaDokoTrainUITests-checkManifestLockResult.txt",
			);
			runOnlyForDeploymentPostprocessing = 0;
			shellPath = /bin/sh;
			shellScript = "diff \"${PODS_PODFILE_DIR_PATH}/Podfile.lock\" \"${PODS_ROOT}/Manifest.lock\" > /dev/null\nif [ $? != 0 ] ; then\n    # print error to STDERR\n    echo \"error: The sandbox is not in sync with the Podfile.lock. Run 'pod install' or update your CocoaPods installation.\" >&2\n    exit 1\nfi\n# This output is used by Xcode 'outputs' to avoid re-running this script phase.\necho \"SUCCESS\" > \"${SCRIPT_OUTPUT_FILE_0}\"\n";
			showEnvVarsInLog = 0;
		};
/* End PBXShellScriptBuildPhase section */

/* Begin PBXSourcesBuildPhase section */
		962E61FD1F9F0F960094F029 /* Sources */ = {
			isa = PBXSourcesBuildPhase;
			buildActionMask = 2147483647;
			files = (
				960FEEDD1FB08F7E00B09F12 /* TableViewCell.swift in Sources */,
				962E62071F9F0F960094F029 /* ViewController.swift in Sources */,
				962E62051F9F0F960094F029 /* AppDelegate.swift in Sources */,
			);
			runOnlyForDeploymentPostprocessing = 0;
		};
		962E62111F9F0F960094F029 /* Sources */ = {
			isa = PBXSourcesBuildPhase;
			buildActionMask = 2147483647;
			files = (
				962E621A1F9F0F960094F029 /* ImaDokoTrainTests.swift in Sources */,
			);
			runOnlyForDeploymentPostprocessing = 0;
		};
		962E621C1F9F0F960094F029 /* Sources */ = {
			isa = PBXSourcesBuildPhase;
			buildActionMask = 2147483647;
			files = (
				962E62251F9F0F960094F029 /* ImaDokoTrainUITests.swift in Sources */,
			);
			runOnlyForDeploymentPostprocessing = 0;
		};
/* End PBXSourcesBuildPhase section */

/* Begin PBXTargetDependency section */
		962E62171F9F0F960094F029 /* PBXTargetDependency */ = {
			isa = PBXTargetDependency;
			target = 962E62001F9F0F960094F029 /* ImaDokoTrain */;
			targetProxy = 962E62161F9F0F960094F029 /* PBXContainerItemProxy */;
		};
		962E62221F9F0F960094F029 /* PBXTargetDependency */ = {
			isa = PBXTargetDependency;
			target = 962E62001F9F0F960094F029 /* ImaDokoTrain */;
			targetProxy = 962E62211F9F0F960094F029 /* PBXContainerItemProxy */;
		};
/* End PBXTargetDependency section */

/* Begin PBXVariantGroup section */
		962E62081F9F0F960094F029 /* Main.storyboard */ = {
			isa = PBXVariantGroup;
			children = (
				962E62091F9F0F960094F029 /* Base */,
			);
			name = Main.storyboard;
			sourceTree = "<group>";
		};
		962E620D1F9F0F960094F029 /* LaunchScreen.storyboard */ = {
			isa = PBXVariantGroup;
			children = (
				962E620E1F9F0F960094F029 /* Base */,
			);
			name = LaunchScreen.storyboard;
			sourceTree = "<group>";
		};
/* End PBXVariantGroup section */

/* Begin XCBuildConfiguration section */
		962E62271F9F0F960094F029 /* Debug */ = {
			isa = XCBuildConfiguration;
			buildSettings = {
				ALWAYS_SEARCH_USER_PATHS = NO;
				CLANG_ANALYZER_NONNULL = YES;
				CLANG_ANALYZER_NUMBER_OBJECT_CONVERSION = YES_AGGRESSIVE;
				CLANG_CXX_LANGUAGE_STANDARD = "gnu++14";
				CLANG_CXX_LIBRARY = "libc++";
				CLANG_ENABLE_MODULES = YES;
				CLANG_ENABLE_OBJC_ARC = YES;
				CLANG_WARN_BLOCK_CAPTURE_AUTORELEASING = YES;
				CLANG_WARN_BOOL_CONVERSION = YES;
				CLANG_WARN_COMMA = YES;
				CLANG_WARN_CONSTANT_CONVERSION = YES;
				CLANG_WARN_DIRECT_OBJC_ISA_USAGE = YES_ERROR;
				CLANG_WARN_DOCUMENTATION_COMMENTS = YES;
				CLANG_WARN_EMPTY_BODY = YES;
				CLANG_WARN_ENUM_CONVERSION = YES;
				CLANG_WARN_INFINITE_RECURSION = YES;
				CLANG_WARN_INT_CONVERSION = YES;
				CLANG_WARN_NON_LITERAL_NULL_CONVERSION = YES;
				CLANG_WARN_OBJC_LITERAL_CONVERSION = YES;
				CLANG_WARN_OBJC_ROOT_CLASS = YES_ERROR;
				CLANG_WARN_RANGE_LOOP_ANALYSIS = YES;
				CLANG_WARN_STRICT_PROTOTYPES = YES;
				CLANG_WARN_SUSPICIOUS_MOVE = YES;
				CLANG_WARN_UNGUARDED_AVAILABILITY = YES_AGGRESSIVE;
				CLANG_WARN_UNREACHABLE_CODE = YES;
				CLANG_WARN__DUPLICATE_METHOD_MATCH = YES;
				CODE_SIGN_IDENTITY = "iPhone Developer";
				COPY_PHASE_STRIP = NO;
				DEBUG_INFORMATION_FORMAT = dwarf;
				ENABLE_STRICT_OBJC_MSGSEND = YES;
				ENABLE_TESTABILITY = YES;
				GCC_C_LANGUAGE_STANDARD = gnu11;
				GCC_DYNAMIC_NO_PIC = NO;
				GCC_NO_COMMON_BLOCKS = YES;
				GCC_OPTIMIZATION_LEVEL = 0;
				GCC_PREPROCESSOR_DEFINITIONS = (
					"DEBUG=1",
					"$(inherited)",
				);
				GCC_WARN_64_TO_32_BIT_CONVERSION = YES;
				GCC_WARN_ABOUT_RETURN_TYPE = YES_ERROR;
				GCC_WARN_UNDECLARED_SELECTOR = YES;
				GCC_WARN_UNINITIALIZED_AUTOS = YES_AGGRESSIVE;
				GCC_WARN_UNUSED_FUNCTION = YES;
				GCC_WARN_UNUSED_VARIABLE = YES;
				IPHONEOS_DEPLOYMENT_TARGET = 11.1;
				MTL_ENABLE_DEBUG_INFO = YES;
				ONLY_ACTIVE_ARCH = YES;
				SDKROOT = iphoneos;
				SWIFT_ACTIVE_COMPILATION_CONDITIONS = DEBUG;
				SWIFT_OPTIMIZATION_LEVEL = "-Onone";
			};
			name = Debug;
		};
		962E62281F9F0F960094F029 /* Release */ = {
			isa = XCBuildConfiguration;
			buildSettings = {
				ALWAYS_SEARCH_USER_PATHS = NO;
				CLANG_ANALYZER_NONNULL = YES;
				CLANG_ANALYZER_NUMBER_OBJECT_CONVERSION = YES_AGGRESSIVE;
				CLANG_CXX_LANGUAGE_STANDARD = "gnu++14";
				CLANG_CXX_LIBRARY = "libc++";
				CLANG_ENABLE_MODULES = YES;
				CLANG_ENABLE_OBJC_ARC = YES;
				CLANG_WARN_BLOCK_CAPTURE_AUTORELEASING = YES;
				CLANG_WARN_BOOL_CONVERSION = YES;
				CLANG_WARN_COMMA = YES;
				CLANG_WARN_CONSTANT_CONVERSION = YES;
				CLANG_WARN_DIRECT_OBJC_ISA_USAGE = YES_ERROR;
				CLANG_WARN_DOCUMENTATION_COMMENTS = YES;
				CLANG_WARN_EMPTY_BODY = YES;
				CLANG_WARN_ENUM_CONVERSION = YES;
				CLANG_WARN_INFINITE_RECURSION = YES;
				CLANG_WARN_INT_CONVERSION = YES;
				CLANG_WARN_NON_LITERAL_NULL_CONVERSION = YES;
				CLANG_WARN_OBJC_LITERAL_CONVERSION = YES;
				CLANG_WARN_OBJC_ROOT_CLASS = YES_ERROR;
				CLANG_WARN_RANGE_LOOP_ANALYSIS = YES;
				CLANG_WARN_STRICT_PROTOTYPES = YES;
				CLANG_WARN_SUSPICIOUS_MOVE = YES;
				CLANG_WARN_UNGUARDED_AVAILABILITY = YES_AGGRESSIVE;
				CLANG_WARN_UNREACHABLE_CODE = YES;
				CLANG_WARN__DUPLICATE_METHOD_MATCH = YES;
				CODE_SIGN_IDENTITY = "iPhone Developer";
				COPY_PHASE_STRIP = NO;
				DEBUG_INFORMATION_FORMAT = "dwarf-with-dsym";
				ENABLE_NS_ASSERTIONS = NO;
				ENABLE_STRICT_OBJC_MSGSEND = YES;
				GCC_C_LANGUAGE_STANDARD = gnu11;
				GCC_NO_COMMON_BLOCKS = YES;
				GCC_WARN_64_TO_32_BIT_CONVERSION = YES;
				GCC_WARN_ABOUT_RETURN_TYPE = YES_ERROR;
				GCC_WARN_UNDECLARED_SELECTOR = YES;
				GCC_WARN_UNINITIALIZED_AUTOS = YES_AGGRESSIVE;
				GCC_WARN_UNUSED_FUNCTION = YES;
				GCC_WARN_UNUSED_VARIABLE = YES;
				IPHONEOS_DEPLOYMENT_TARGET = 11.1;
				MTL_ENABLE_DEBUG_INFO = NO;
				SDKROOT = iphoneos;
				SWIFT_OPTIMIZATION_LEVEL = "-Owholemodule";
				VALIDATE_PRODUCT = YES;
			};
			name = Release;
		};
		962E622A1F9F0F960094F029 /* Debug */ = {
			isa = XCBuildConfiguration;
			baseConfigurationReference = 8D47A1817B72F64A9572B663 /* Pods-ImaDokoTrain.debug.xcconfig */;
			buildSettings = {
				ASSETCATALOG_COMPILER_APPICON_NAME = AppIcon;
				CODE_SIGN_STYLE = Automatic;
				DEVELOPMENT_TEAM = 9YN493UFZE;
				INFOPLIST_FILE = ImaDokoTrain/Info.plist;
				LD_RUNPATH_SEARCH_PATHS = "$(inherited) @executable_path/Frameworks";
				PRODUCT_BUNDLE_IDENTIFIER = com.akbart.app.ImaDokoTrain;
				PRODUCT_NAME = "$(TARGET_NAME)";
				SWIFT_VERSION = 4.0;
				TARGETED_DEVICE_FAMILY = "1,2";
			};
			name = Debug;
		};
		962E622B1F9F0F960094F029 /* Release */ = {
			isa = XCBuildConfiguration;
			baseConfigurationReference = 319FB852DB4DF3B652165046 /* Pods-ImaDokoTrain.release.xcconfig */;
			buildSettings = {
				ASSETCATALOG_COMPILER_APPICON_NAME = AppIcon;
				CODE_SIGN_STYLE = Automatic;
				DEVELOPMENT_TEAM = 9YN493UFZE;
				INFOPLIST_FILE = ImaDokoTrain/Info.plist;
				LD_RUNPATH_SEARCH_PATHS = "$(inherited) @executable_path/Frameworks";
				PRODUCT_BUNDLE_IDENTIFIER = com.akbart.app.ImaDokoTrain;
				PRODUCT_NAME = "$(TARGET_NAME)";
				SWIFT_VERSION = 4.0;
				TARGETED_DEVICE_FAMILY = "1,2";
			};
			name = Release;
		};
		962E622D1F9F0F960094F029 /* Debug */ = {
			isa = XCBuildConfiguration;
			baseConfigurationReference = ABBDD28E49235AC7680573BA /* Pods-ImaDokoTrainTests.debug.xcconfig */;
			buildSettings = {
				ALWAYS_EMBED_SWIFT_STANDARD_LIBRARIES = YES;
				BUNDLE_LOADER = "$(TEST_HOST)";
				CODE_SIGN_STYLE = Automatic;
				DEVELOPMENT_TEAM = 9YN493UFZE;
				INFOPLIST_FILE = ImaDokoTrainTests/Info.plist;
				LD_RUNPATH_SEARCH_PATHS = "$(inherited) @executable_path/Frameworks @loader_path/Frameworks";
				PRODUCT_BUNDLE_IDENTIFIER = com.akbart.app.ImaDokoTrainTests;
				PRODUCT_NAME = "$(TARGET_NAME)";
				SWIFT_VERSION = 4.0;
				TARGETED_DEVICE_FAMILY = "1,2";
				TEST_HOST = "$(BUILT_PRODUCTS_DIR)/ImaDokoTrain.app/ImaDokoTrain";
			};
			name = Debug;
		};
		962E622E1F9F0F960094F029 /* Release */ = {
			isa = XCBuildConfiguration;
			baseConfigurationReference = 18C3D098A60CE6B27A27C11D /* Pods-ImaDokoTrainTests.release.xcconfig */;
			buildSettings = {
				ALWAYS_EMBED_SWIFT_STANDARD_LIBRARIES = YES;
				BUNDLE_LOADER = "$(TEST_HOST)";
				CODE_SIGN_STYLE = Automatic;
				DEVELOPMENT_TEAM = 9YN493UFZE;
				INFOPLIST_FILE = ImaDokoTrainTests/Info.plist;
				LD_RUNPATH_SEARCH_PATHS = "$(inherited) @executable_path/Frameworks @loader_path/Frameworks";
				PRODUCT_BUNDLE_IDENTIFIER = com.akbart.app.ImaDokoTrainTests;
				PRODUCT_NAME = "$(TARGET_NAME)";
				SWIFT_VERSION = 4.0;
				TARGETED_DEVICE_FAMILY = "1,2";
				TEST_HOST = "$(BUILT_PRODUCTS_DIR)/ImaDokoTrain.app/ImaDokoTrain";
			};
			name = Release;
		};
		962E62301F9F0F960094F029 /* Debug */ = {
			isa = XCBuildConfiguration;
			baseConfigurationReference = A6CB4D35F4AD1CAADD11B852 /* Pods-ImaDokoTrainUITests.debug.xcconfig */;
			buildSettings = {
				ALWAYS_EMBED_SWIFT_STANDARD_LIBRARIES = YES;
				CODE_SIGN_STYLE = Automatic;
				DEVELOPMENT_TEAM = 9YN493UFZE;
				INFOPLIST_FILE = ImaDokoTrainUITests/Info.plist;
				LD_RUNPATH_SEARCH_PATHS = "$(inherited) @executable_path/Frameworks @loader_path/Frameworks";
				PRODUCT_BUNDLE_IDENTIFIER = com.akbart.app.ImaDokoTrainUITests;
				PRODUCT_NAME = "$(TARGET_NAME)";
				SWIFT_VERSION = 4.0;
				TARGETED_DEVICE_FAMILY = "1,2";
				TEST_TARGET_NAME = ImaDokoTrain;
			};
			name = Debug;
		};
		962E62311F9F0F960094F029 /* Release */ = {
			isa = XCBuildConfiguration;
			baseConfigurationReference = 7473DCCCB8A5B87CCC39CA20 /* Pods-ImaDokoTrainUITests.release.xcconfig */;
			buildSettings = {
				ALWAYS_EMBED_SWIFT_STANDARD_LIBRARIES = YES;
				CODE_SIGN_STYLE = Automatic;
				DEVELOPMENT_TEAM = 9YN493UFZE;
				INFOPLIST_FILE = ImaDokoTrainUITests/Info.plist;
				LD_RUNPATH_SEARCH_PATHS = "$(inherited) @executable_path/Frameworks @loader_path/Frameworks";
				PRODUCT_BUNDLE_IDENTIFIER = com.akbart.app.ImaDokoTrainUITests;
				PRODUCT_NAME = "$(TARGET_NAME)";
				SWIFT_VERSION = 4.0;
				TARGETED_DEVICE_FAMILY = "1,2";
				TEST_TARGET_NAME = ImaDokoTrain;
			};
			name = Release;
		};
/* End XCBuildConfiguration section */

/* Begin XCConfigurationList section */
		962E61FC1F9F0F960094F029 /* Build configuration list for PBXProject "ImaDokoTrain" */ = {
			isa = XCConfigurationList;
			buildConfigurations = (
				962E62271F9F0F960094F029 /* Debug */,
				962E62281F9F0F960094F029 /* Release */,
			);
			defaultConfigurationIsVisible = 0;
			defaultConfigurationName = Release;
		};
		962E62291F9F0F960094F029 /* Build configuration list for PBXNativeTarget "ImaDokoTrain" */ = {
			isa = XCConfigurationList;
			buildConfigurations = (
				962E622A1F9F0F960094F029 /* Debug */,
				962E622B1F9F0F960094F029 /* Release */,
			);
			defaultConfigurationIsVisible = 0;
			defaultConfigurationName = Release;
		};
		962E622C1F9F0F960094F029 /* Build configuration list for PBXNativeTarget "ImaDokoTrainTests" */ = {
			isa = XCConfigurationList;
			buildConfigurations = (
				962E622D1F9F0F960094F029 /* Debug */,
				962E622E1F9F0F960094F029 /* Release */,
			);
			defaultConfigurationIsVisible = 0;
			defaultConfigurationName = Release;
		};
		962E622F1F9F0F960094F029 /* Build configuration list for PBXNativeTarget "ImaDokoTrainUITests" */ = {
			isa = XCConfigurationList;
			buildConfigurations = (
				962E62301F9F0F960094F029 /* Debug */,
				962E62311F9F0F960094F029 /* Release */,
			);
			defaultConfigurationIsVisible = 0;
			defaultConfigurationName = Release;
		};
/* End XCConfigurationList section */
	};
	rootObject = 962E61F91F9F0F960094F029 /* Project object */;
}
